{
  "name": "@jx3box/jx3box-common",
  "version": "5.2.3",
  "lockfileVersion": 1,
  "requires": true,
  "dependencies": {
    "async-validator": {
      "version": "1.8.5",
      "resolved": "https://registry.npm.taobao.org/async-validator/download/async-validator-1.8.5.tgz?cache=0&sync_timestamp=1596623572478&other_urls=https%3A%2F%2Fregistry.npm.taobao.org%2Fasync-validator%2Fdownload%2Fasync-validator-1.8.5.tgz",
      "integrity": "sha1-3D4I7B/Q3dtn5ghC8CwM0c7G1/A=",
      "requires": {
        "babel-runtime": "6.x"
      }
    },
    "axios": {
      "version": "0.20.0",
      "resolved": "https://registry.npm.taobao.org/axios/download/axios-0.20.0.tgz?cache=0&sync_timestamp=1597979633356&other_urls=https%3A%2F%2Fregistry.npm.taobao.org%2Faxios%2Fdownload%2Faxios-0.20.0.tgz",
      "integrity": "sha1-BXujDwSIRpSZOozQf6OUz/EcUL0=",
      "requires": {
        "follow-redirects": "^1.10.0"
      }
    },
    "babel-helper-vue-jsx-merge-props": {
      "version": "2.0.3",
      "resolved": "https://registry.npm.taobao.org/babel-helper-vue-jsx-merge-props/download/babel-helper-vue-jsx-merge-props-2.0.3.tgz",
      "integrity": "sha1-Iq69OzOQIyjlEyk6jkmSs4T58bY="
    },
    "babel-runtime": {
      "version": "6.26.0",
      "resolved": "https://registry.npm.taobao.org/babel-runtime/download/babel-runtime-6.26.0.tgz",
      "integrity": "sha1-llxwWGaOgrVde/4E/yM3vItWR/4=",
      "requires": {
        "core-js": "^2.4.0",
        "regenerator-runtime": "^0.11.0"
      }
    },
    "core-js": {
      "version": "2.6.11",
      "resolved": "https://registry.npm.taobao.org/core-js/download/core-js-2.6.11.tgz?cache=0&sync_timestamp=1586450269267&other_urls=https%3A%2F%2Fregistry.npm.taobao.org%2Fcore-js%2Fdownload%2Fcore-js-2.6.11.tgz",
      "integrity": "sha1-OIMUafmSK97Y7iHJ3EaYXgOZMIw="
    },
    "deepmerge": {
      "version": "1.5.2",
      "resolved": "https://registry.npm.taobao.org/deepmerge/download/deepmerge-1.5.2.tgz",
      "integrity": "sha1-EEmdhohEza1P7ghC34x/bwyVp1M="
    },
    "element-ui": {
      "version": "2.13.2",
      "resolved": "https://registry.npm.taobao.org/element-ui/download/element-ui-2.13.2.tgz?cache=0&sync_timestamp=1589795164194&other_urls=https%3A%2F%2Fregistry.npm.taobao.org%2Felement-ui%2Fdownload%2Felement-ui-2.13.2.tgz",
      "integrity": "sha1-WCv0eqqqr+I+oZWPriF6aHrQZEc=",
      "requires": {
        "async-validator": "~1.8.1",
        "babel-helper-vue-jsx-merge-props": "^2.0.0",
        "deepmerge": "^1.2.0",
        "normalize-wheel": "^1.0.1",
        "resize-observer-polyfill": "^1.5.0",
        "throttle-debounce": "^1.0.1"
      }
    },
    "follow-redirects": {
      "version": "1.13.0",
      "resolved": "https://registry.npm.taobao.org/follow-redirects/download/follow-redirects-1.13.0.tgz",
      "integrity": "sha1-tC6Nk6Kn7qXtiGM2dtZZe8jjhNs="
    },
    "immediate": {
      "version": "3.0.6",
      "resolved": "https://registry.npm.taobao.org/immediate/download/immediate-3.0.6.tgz",
      "integrity": "sha1-nbHb0Pr43m++D13V5Wu2BigN5ps="
    },
    "lie": {
      "version": "3.1.1",
      "resolved": "https://registry.npm.taobao.org/lie/download/lie-3.1.1.tgz",
      "integrity": "sha1-mkNrLMd0bKWd56QfpGmz77dr2H4=",
      "requires": {
        "immediate": "~3.0.5"
      }
    },
    "localforage": {
      "version": "1.7.3",
      "resolved": "https://registry.npm.taobao.org/localforage/download/localforage-1.7.3.tgz",
      "integrity": "sha1-AIKzypc0Z54b1TSZW907JM8Q8gQ=",
      "requires": {
        "lie": "3.1.1"
      }
    },
    "normalize-wheel": {
      "version": "1.0.1",
      "resolved": "https://registry.npm.taobao.org/normalize-wheel/download/normalize-wheel-1.0.1.tgz",
      "integrity": "sha1-rsiGr/2wRQcNhWRH32Ls+GFG7EU="
    },
    "regenerator-runtime": {
      "version": "0.11.1",
      "resolved": "https://registry.npm.taobao.org/regenerator-runtime/download/regenerator-runtime-0.11.1.tgz?cache=0&sync_timestamp=1595456367497&other_urls=https%3A%2F%2Fregistry.npm.taobao.org%2Fregenerator-runtime%2Fdownload%2Fregenerator-runtime-0.11.1.tgz",
      "integrity": "sha1-vgWtf5v30i4Fb5cmzuUBf78Z4uk="
    },
    "resize-observer-polyfill": {
      "version": "1.5.1",
      "resolved": "https://registry.npm.taobao.org/resize-observer-polyfill/download/resize-observer-polyfill-1.5.1.tgz",
      "integrity": "sha1-DpAg3T0hAkRY1OvSfiPkAmmBBGQ="
    },
    "throttle-debounce": {
      "version": "1.1.0",
      "resolved": "https://registry.npm.taobao.org/throttle-debounce/download/throttle-debounce-1.1.0.tgz?cache=0&sync_timestamp=1597223572823&other_urls=https%3A%2F%2Fregistry.npm.taobao.org%2Fthrottle-debounce%2Fdownload%2Fthrottle-debounce-1.1.0.tgz",
      "integrity": "sha1-UYU9o3vmihVctugns1FKPEIuic0="
    },
    "vue": {
      "version": "2.6.12",
      "resolved": "https://registry.npm.taobao.org/vue/download/vue-2.6.12.tgz?cache=0&sync_timestamp=1600441298391&other_urls=https%3A%2F%2Fregistry.npm.taobao.org%2Fvue%2Fdownload%2Fvue-2.6.12.tgz",
      "integrity": "sha1-9evU+mvShpQD4pqJau1JBEVskSM="
    }
  }
}
